
Microsoft Visual Studio Solution File, Format Version 12.00
# Visual Studio Version 17
VisualStudioVersion = 17.4.33205.214
MinimumVisualStudioVersion = 10.0.40219.1
Project("{9A19103F-16F7-4668-BE54-9A1E7A4F7556}") = "BigFloatLibrary", "BigFloatLibrary\BigFloatLibrary.csproj", "{E0A3762E-A6F7-48BB-B193-FACF6ED1AE78}"
EndProject
Project("{9A19103F-16F7-4668-BE54-9A1E7A4F7556}") = "PlaygroundAndShowCase", "BigFloatPlayground\PlaygroundAndShowCase.csproj", "{1EC1B239-6746-427B-A1E0-89BBEB4104D2}"
EndProject
Project("{FAE04EC0-301F-11D3-BF4B-00C04F79EFBC}") = "BigFloatLibrary.Tests", "BigFloat.Tests\BigFloatLibrary.Tests.csproj", "{90D0A568-0E16-4236-8892-D39E1B74E370}"
EndProject
Global
	GlobalSection(SolutionConfigurationPlatforms) = preSolution
		Benchmark|Any CPU = Benchmark|Any CPU
		Benchmark|x64 = Benchmark|x64
		Debug|Any CPU = Debug|Any CPU
		Debug|x64 = Debug|x64
		Release|Any CPU = Release|Any CPU
		Release|x64 = Release|x64
	EndGlobalSection
	GlobalSection(ProjectConfigurationPlatforms) = postSolution
		{E0A3762E-A6F7-48BB-B193-FACF6ED1AE78}.Benchmark|Any CPU.ActiveCfg = Benchmark|Any CPU
		{E0A3762E-A6F7-48BB-B193-FACF6ED1AE78}.Benchmark|Any CPU.Build.0 = Benchmark|Any CPU
		{E0A3762E-A6F7-48BB-B193-FACF6ED1AE78}.Benchmark|x64.ActiveCfg = Benchmark|x64
		{E0A3762E-A6F7-48BB-B193-FACF6ED1AE78}.Benchmark|x64.Build.0 = Benchmark|x64
		{E0A3762E-A6F7-48BB-B193-FACF6ED1AE78}.Debug|Any CPU.ActiveCfg = Debug|Any CPU
		{E0A3762E-A6F7-48BB-B193-FACF6ED1AE78}.Debug|Any CPU.Build.0 = Debug|Any CPU
		{E0A3762E-A6F7-48BB-B193-FACF6ED1AE78}.Debug|x64.ActiveCfg = Debug|x64
		{E0A3762E-A6F7-48BB-B193-FACF6ED1AE78}.Debug|x64.Build.0 = Debug|x64
		{E0A3762E-A6F7-48BB-B193-FACF6ED1AE78}.Release|Any CPU.ActiveCfg = Release|Any CPU
		{E0A3762E-A6F7-48BB-B193-FACF6ED1AE78}.Release|Any CPU.Build.0 = Release|Any CPU
		{E0A3762E-A6F7-48BB-B193-FACF6ED1AE78}.Release|x64.ActiveCfg = Release|x64
		{E0A3762E-A6F7-48BB-B193-FACF6ED1AE78}.Release|x64.Build.0 = Release|x64
		{1EC1B239-6746-427B-A1E0-89BBEB4104D2}.Benchmark|Any CPU.ActiveCfg = Benchmark|Any CPU
		{1EC1B239-6746-427B-A1E0-89BBEB4104D2}.Benchmark|Any CPU.Build.0 = Benchmark|Any CPU
		{1EC1B239-6746-427B-A1E0-89BBEB4104D2}.Benchmark|x64.ActiveCfg = Benchmark|x64
		{1EC1B239-6746-427B-A1E0-89BBEB4104D2}.Benchmark|x64.Build.0 = Benchmark|x64
		{1EC1B239-6746-427B-A1E0-89BBEB4104D2}.Debug|Any CPU.ActiveCfg = Debug|Any CPU
		{1EC1B239-6746-427B-A1E0-89BBEB4104D2}.Debug|Any CPU.Build.0 = Debug|Any CPU
		{1EC1B239-6746-427B-A1E0-89BBEB4104D2}.Debug|x64.ActiveCfg = Debug|x64
		{1EC1B239-6746-427B-A1E0-89BBEB4104D2}.Debug|x64.Build.0 = Debug|x64
		{1EC1B239-6746-427B-A1E0-89BBEB4104D2}.Release|Any CPU.ActiveCfg = Release|Any CPU
		{1EC1B239-6746-427B-A1E0-89BBEB4104D2}.Release|Any CPU.Build.0 = Release|Any CPU
		{1EC1B239-6746-427B-A1E0-89BBEB4104D2}.Release|x64.ActiveCfg = Release|x64
		{1EC1B239-6746-427B-A1E0-89BBEB4104D2}.Release|x64.Build.0 = Release|x64
		{90D0A568-0E16-4236-8892-D39E1B74E370}.Benchmark|Any CPU.ActiveCfg = Debug|Any CPU
		{90D0A568-0E16-4236-8892-D39E1B74E370}.Benchmark|Any CPU.Build.0 = Debug|Any CPU
		{90D0A568-0E16-4236-8892-D39E1B74E370}.Benchmark|x64.ActiveCfg = Debug|Any CPU
		{90D0A568-0E16-4236-8892-D39E1B74E370}.Benchmark|x64.Build.0 = Debug|Any CPU
		{90D0A568-0E16-4236-8892-D39E1B74E370}.Debug|Any CPU.ActiveCfg = Debug|Any CPU
		{90D0A568-0E16-4236-8892-D39E1B74E370}.Debug|Any CPU.Build.0 = Debug|Any CPU
		{90D0A568-0E16-4236-8892-D39E1B74E370}.Debug|x64.ActiveCfg = Debug|Any CPU
		{90D0A568-0E16-4236-8892-D39E1B74E370}.Debug|x64.Build.0 = Debug|Any CPU
		{90D0A568-0E16-4236-8892-D39E1B74E370}.Release|Any CPU.ActiveCfg = Release|Any CPU
		{90D0A568-0E16-4236-8892-D39E1B74E370}.Release|Any CPU.Build.0 = Release|Any CPU
		{90D0A568-0E16-4236-8892-D39E1B74E370}.Release|x64.ActiveCfg = Release|Any CPU
		{90D0A568-0E16-4236-8892-D39E1B74E370}.Release|x64.Build.0 = Release|Any CPU
	EndGlobalSection
	GlobalSection(SolutionProperties) = preSolution
		HideSolutionNode = FALSE
	EndGlobalSection
	GlobalSection(ExtensibilityGlobals) = postSolution
		SolutionGuid = {74800D45-424B-4063-905D-504DB973196C}
	EndGlobalSection
EndGlobal
