
Microsoft Visual Studio Solution File, Format Version 12.00
# Visual Studio Version 18
VisualStudioVersion = 18.0.11222.15
MinimumVisualStudioVersion = 10.0.40219.1
Project("{9A19103F-16F7-4668-BE54-9A1E7A4F7556}") = "BigFloatLibrary", "BigFloatLibrary\BigFloatLibrary.csproj", "{E0A3762E-A6F7-48BB-B193-FACF6ED1AE78}"
EndProject
Project("{9A19103F-16F7-4668-BE54-9A1E7A4F7556}") = "PlaygroundAndShowCase", "BigFloatPlayground\PlaygroundAndShowCase.csproj", "{1EC1B239-6746-427B-A1E0-89BBEB4104D2}"
EndProject
Project("{FAE04EC0-301F-11D3-BF4B-00C04F79EFBC}") = "BigFloatLibrary.Tests", "BigFloatLibrary.Tests\BigFloatLibrary.Tests.csproj", "{78078698-08C2-4138-903C-C11CF70FECF3}"
EndProject
Project("{FAE04EC0-301F-11D3-BF4B-00C04F79EFBC}") = "BigFloatLibrary.Benchmarks", "BigFloatLibrary.Benchmarks\BigFloatLibrary.Benchmarks.csproj", "{76683D9B-7263-4037-B3E7-6D624B1C179B}"
EndProject
Global
	GlobalSection(SolutionConfigurationPlatforms) = preSolution
		Benchmark|Any CPU = Benchmark|Any CPU
		Benchmark|x64 = Benchmark|x64
		Benchmark|x86 = Benchmark|x86
		Debug|Any CPU = Debug|Any CPU
		Debug|x64 = Debug|x64
		Debug|x86 = Debug|x86
		Release|Any CPU = Release|Any CPU
		Release|x64 = Release|x64
		Release|x86 = Release|x86
		ReleaseMulti|Any CPU = ReleaseMulti|Any CPU
		ReleaseMulti|x64 = ReleaseMulti|x64
		ReleaseMulti|x86 = ReleaseMulti|x86
	EndGlobalSection
	GlobalSection(ProjectConfigurationPlatforms) = postSolution
		{E0A3762E-A6F7-48BB-B193-FACF6ED1AE78}.Benchmark|Any CPU.ActiveCfg = Benchmark|Any CPU
		{E0A3762E-A6F7-48BB-B193-FACF6ED1AE78}.Benchmark|Any CPU.Build.0 = Benchmark|Any CPU
		{E0A3762E-A6F7-48BB-B193-FACF6ED1AE78}.Benchmark|x64.ActiveCfg = Benchmark|x64
		{E0A3762E-A6F7-48BB-B193-FACF6ED1AE78}.Benchmark|x64.Build.0 = Benchmark|x64
		{E0A3762E-A6F7-48BB-B193-FACF6ED1AE78}.Benchmark|x86.ActiveCfg = Benchmark|Any CPU
		{E0A3762E-A6F7-48BB-B193-FACF6ED1AE78}.Benchmark|x86.Build.0 = Benchmark|Any CPU
		{E0A3762E-A6F7-48BB-B193-FACF6ED1AE78}.Debug|Any CPU.ActiveCfg = Debug|Any CPU
		{E0A3762E-A6F7-48BB-B193-FACF6ED1AE78}.Debug|Any CPU.Build.0 = Debug|Any CPU
		{E0A3762E-A6F7-48BB-B193-FACF6ED1AE78}.Debug|x64.ActiveCfg = Debug|x64
		{E0A3762E-A6F7-48BB-B193-FACF6ED1AE78}.Debug|x64.Build.0 = Debug|x64
		{E0A3762E-A6F7-48BB-B193-FACF6ED1AE78}.Debug|x86.ActiveCfg = Debug|Any CPU
		{E0A3762E-A6F7-48BB-B193-FACF6ED1AE78}.Debug|x86.Build.0 = Debug|Any CPU
		{E0A3762E-A6F7-48BB-B193-FACF6ED1AE78}.Release|Any CPU.ActiveCfg = Release|Any CPU
		{E0A3762E-A6F7-48BB-B193-FACF6ED1AE78}.Release|Any CPU.Build.0 = Release|Any CPU
		{E0A3762E-A6F7-48BB-B193-FACF6ED1AE78}.Release|x64.ActiveCfg = Release|x64
		{E0A3762E-A6F7-48BB-B193-FACF6ED1AE78}.Release|x64.Build.0 = Release|x64
		{E0A3762E-A6F7-48BB-B193-FACF6ED1AE78}.Release|x86.ActiveCfg = Release|Any CPU
		{E0A3762E-A6F7-48BB-B193-FACF6ED1AE78}.Release|x86.Build.0 = Release|Any CPU
		{E0A3762E-A6F7-48BB-B193-FACF6ED1AE78}.ReleaseMulti|Any CPU.ActiveCfg = ReleaseMulti|Any CPU
		{E0A3762E-A6F7-48BB-B193-FACF6ED1AE78}.ReleaseMulti|Any CPU.Build.0 = ReleaseMulti|Any CPU
		{E0A3762E-A6F7-48BB-B193-FACF6ED1AE78}.ReleaseMulti|x64.ActiveCfg = ReleaseMulti|x64
		{E0A3762E-A6F7-48BB-B193-FACF6ED1AE78}.ReleaseMulti|x64.Build.0 = ReleaseMulti|x64
		{E0A3762E-A6F7-48BB-B193-FACF6ED1AE78}.ReleaseMulti|x86.ActiveCfg = ReleaseMulti|Any CPU
		{E0A3762E-A6F7-48BB-B193-FACF6ED1AE78}.ReleaseMulti|x86.Build.0 = ReleaseMulti|Any CPU
		{1EC1B239-6746-427B-A1E0-89BBEB4104D2}.Benchmark|Any CPU.ActiveCfg = Benchmark|Any CPU
		{1EC1B239-6746-427B-A1E0-89BBEB4104D2}.Benchmark|Any CPU.Build.0 = Benchmark|Any CPU
		{1EC1B239-6746-427B-A1E0-89BBEB4104D2}.Benchmark|x64.ActiveCfg = Benchmark|x64
		{1EC1B239-6746-427B-A1E0-89BBEB4104D2}.Benchmark|x64.Build.0 = Benchmark|x64
		{1EC1B239-6746-427B-A1E0-89BBEB4104D2}.Benchmark|x86.ActiveCfg = Benchmark|Any CPU
		{1EC1B239-6746-427B-A1E0-89BBEB4104D2}.Benchmark|x86.Build.0 = Benchmark|Any CPU
		{1EC1B239-6746-427B-A1E0-89BBEB4104D2}.Debug|Any CPU.ActiveCfg = Debug|Any CPU
		{1EC1B239-6746-427B-A1E0-89BBEB4104D2}.Debug|Any CPU.Build.0 = Debug|Any CPU
		{1EC1B239-6746-427B-A1E0-89BBEB4104D2}.Debug|x64.ActiveCfg = Debug|x64
		{1EC1B239-6746-427B-A1E0-89BBEB4104D2}.Debug|x64.Build.0 = Debug|x64
		{1EC1B239-6746-427B-A1E0-89BBEB4104D2}.Debug|x86.ActiveCfg = Debug|Any CPU
		{1EC1B239-6746-427B-A1E0-89BBEB4104D2}.Debug|x86.Build.0 = Debug|Any CPU
		{1EC1B239-6746-427B-A1E0-89BBEB4104D2}.Release|Any CPU.ActiveCfg = Release|Any CPU
		{1EC1B239-6746-427B-A1E0-89BBEB4104D2}.Release|Any CPU.Build.0 = Release|Any CPU
		{1EC1B239-6746-427B-A1E0-89BBEB4104D2}.Release|x64.ActiveCfg = Release|x64
		{1EC1B239-6746-427B-A1E0-89BBEB4104D2}.Release|x64.Build.0 = Release|x64
		{1EC1B239-6746-427B-A1E0-89BBEB4104D2}.Release|x86.ActiveCfg = Release|Any CPU
		{1EC1B239-6746-427B-A1E0-89BBEB4104D2}.Release|x86.Build.0 = Release|Any CPU
		{1EC1B239-6746-427B-A1E0-89BBEB4104D2}.ReleaseMulti|Any CPU.ActiveCfg = ReleaseMulti|Any CPU
		{1EC1B239-6746-427B-A1E0-89BBEB4104D2}.ReleaseMulti|Any CPU.Build.0 = ReleaseMulti|Any CPU
		{1EC1B239-6746-427B-A1E0-89BBEB4104D2}.ReleaseMulti|x64.ActiveCfg = ReleaseMulti|x64
		{1EC1B239-6746-427B-A1E0-89BBEB4104D2}.ReleaseMulti|x64.Build.0 = ReleaseMulti|x64
		{1EC1B239-6746-427B-A1E0-89BBEB4104D2}.ReleaseMulti|x86.ActiveCfg = ReleaseMulti|Any CPU
		{1EC1B239-6746-427B-A1E0-89BBEB4104D2}.ReleaseMulti|x86.Build.0 = ReleaseMulti|Any CPU
		{78078698-08C2-4138-903C-C11CF70FECF3}.Benchmark|Any CPU.ActiveCfg = Debug|Any CPU
		{78078698-08C2-4138-903C-C11CF70FECF3}.Benchmark|Any CPU.Build.0 = Debug|Any CPU
		{78078698-08C2-4138-903C-C11CF70FECF3}.Benchmark|x64.ActiveCfg = Debug|Any CPU
		{78078698-08C2-4138-903C-C11CF70FECF3}.Benchmark|x64.Build.0 = Debug|Any CPU
		{78078698-08C2-4138-903C-C11CF70FECF3}.Benchmark|x86.ActiveCfg = Debug|Any CPU
		{78078698-08C2-4138-903C-C11CF70FECF3}.Benchmark|x86.Build.0 = Debug|Any CPU
		{78078698-08C2-4138-903C-C11CF70FECF3}.Debug|Any CPU.ActiveCfg = Debug|Any CPU
		{78078698-08C2-4138-903C-C11CF70FECF3}.Debug|Any CPU.Build.0 = Debug|Any CPU
		{78078698-08C2-4138-903C-C11CF70FECF3}.Debug|x64.ActiveCfg = Debug|Any CPU
		{78078698-08C2-4138-903C-C11CF70FECF3}.Debug|x64.Build.0 = Debug|Any CPU
		{78078698-08C2-4138-903C-C11CF70FECF3}.Debug|x86.ActiveCfg = Debug|Any CPU
		{78078698-08C2-4138-903C-C11CF70FECF3}.Debug|x86.Build.0 = Debug|Any CPU
		{78078698-08C2-4138-903C-C11CF70FECF3}.Release|Any CPU.ActiveCfg = Release|Any CPU
		{78078698-08C2-4138-903C-C11CF70FECF3}.Release|Any CPU.Build.0 = Release|Any CPU
		{78078698-08C2-4138-903C-C11CF70FECF3}.Release|x64.ActiveCfg = Release|Any CPU
		{78078698-08C2-4138-903C-C11CF70FECF3}.Release|x64.Build.0 = Release|Any CPU
		{78078698-08C2-4138-903C-C11CF70FECF3}.Release|x86.ActiveCfg = Release|Any CPU
		{78078698-08C2-4138-903C-C11CF70FECF3}.Release|x86.Build.0 = Release|Any CPU
		{78078698-08C2-4138-903C-C11CF70FECF3}.ReleaseMulti|Any CPU.ActiveCfg = ReleaseMulti|Any CPU
		{78078698-08C2-4138-903C-C11CF70FECF3}.ReleaseMulti|Any CPU.Build.0 = ReleaseMulti|Any CPU
		{78078698-08C2-4138-903C-C11CF70FECF3}.ReleaseMulti|x64.ActiveCfg = ReleaseMulti|Any CPU
		{78078698-08C2-4138-903C-C11CF70FECF3}.ReleaseMulti|x64.Build.0 = ReleaseMulti|Any CPU
		{78078698-08C2-4138-903C-C11CF70FECF3}.ReleaseMulti|x86.ActiveCfg = ReleaseMulti|Any CPU
		{78078698-08C2-4138-903C-C11CF70FECF3}.ReleaseMulti|x86.Build.0 = ReleaseMulti|Any CPU
		{76683D9B-7263-4037-B3E7-6D624B1C179B}.Benchmark|Any CPU.ActiveCfg = Debug|Any CPU
		{76683D9B-7263-4037-B3E7-6D624B1C179B}.Benchmark|Any CPU.Build.0 = Debug|Any CPU
		{76683D9B-7263-4037-B3E7-6D624B1C179B}.Benchmark|x64.ActiveCfg = Debug|Any CPU
		{76683D9B-7263-4037-B3E7-6D624B1C179B}.Benchmark|x64.Build.0 = Debug|Any CPU
		{76683D9B-7263-4037-B3E7-6D624B1C179B}.Benchmark|x86.ActiveCfg = Debug|Any CPU
		{76683D9B-7263-4037-B3E7-6D624B1C179B}.Benchmark|x86.Build.0 = Debug|Any CPU
		{76683D9B-7263-4037-B3E7-6D624B1C179B}.Debug|Any CPU.ActiveCfg = Debug|Any CPU
		{76683D9B-7263-4037-B3E7-6D624B1C179B}.Debug|Any CPU.Build.0 = Debug|Any CPU
		{76683D9B-7263-4037-B3E7-6D624B1C179B}.Debug|x64.ActiveCfg = Debug|Any CPU
		{76683D9B-7263-4037-B3E7-6D624B1C179B}.Debug|x64.Build.0 = Debug|Any CPU
		{76683D9B-7263-4037-B3E7-6D624B1C179B}.Debug|x86.ActiveCfg = Debug|Any CPU
		{76683D9B-7263-4037-B3E7-6D624B1C179B}.Debug|x86.Build.0 = Debug|Any CPU
		{76683D9B-7263-4037-B3E7-6D624B1C179B}.Release|Any CPU.ActiveCfg = Release|Any CPU
		{76683D9B-7263-4037-B3E7-6D624B1C179B}.Release|Any CPU.Build.0 = Release|Any CPU
		{76683D9B-7263-4037-B3E7-6D624B1C179B}.Release|x64.ActiveCfg = Release|Any CPU
		{76683D9B-7263-4037-B3E7-6D624B1C179B}.Release|x64.Build.0 = Release|Any CPU
		{76683D9B-7263-4037-B3E7-6D624B1C179B}.Release|x86.ActiveCfg = Release|Any CPU
		{76683D9B-7263-4037-B3E7-6D624B1C179B}.Release|x86.Build.0 = Release|Any CPU
		{76683D9B-7263-4037-B3E7-6D624B1C179B}.ReleaseMulti|Any CPU.ActiveCfg = Debug|Any CPU
		{76683D9B-7263-4037-B3E7-6D624B1C179B}.ReleaseMulti|Any CPU.Build.0 = Debug|Any CPU
		{76683D9B-7263-4037-B3E7-6D624B1C179B}.ReleaseMulti|x64.ActiveCfg = Debug|Any CPU
		{76683D9B-7263-4037-B3E7-6D624B1C179B}.ReleaseMulti|x64.Build.0 = Debug|Any CPU
		{76683D9B-7263-4037-B3E7-6D624B1C179B}.ReleaseMulti|x86.ActiveCfg = Debug|Any CPU
		{76683D9B-7263-4037-B3E7-6D624B1C179B}.ReleaseMulti|x86.Build.0 = Debug|Any CPU
	EndGlobalSection
	GlobalSection(SolutionProperties) = preSolution
		HideSolutionNode = FALSE
	EndGlobalSection
	GlobalSection(ExtensibilityGlobals) = postSolution
		SolutionGuid = {74800D45-424B-4063-905D-504DB973196C}
	EndGlobalSection
EndGlobal
