
Microsoft Visual Studio Solution File, Format Version 12.00
# Visual Studio Version 18
VisualStudioVersion = 18.1.11312.151 d18.0
MinimumVisualStudioVersion = 10.0.40219.1
Project("{FAE04EC0-301F-11D3-BF4B-00C04F79EFBC}") = "ThresholdSweeps", "ThresholdSweeps.csproj", "{97AFCEA9-8CC8-F7D0-85EF-44AB86A38157}"
EndProject
Global
	GlobalSection(SolutionConfigurationPlatforms) = preSolution
		Debug|Any CPU = Debug|Any CPU
		Release|Any CPU = Release|Any CPU
	EndGlobalSection
	GlobalSection(ProjectConfigurationPlatforms) = postSolution
		{97AFCEA9-8CC8-F7D0-85EF-44AB86A38157}.Debug|Any CPU.ActiveCfg = Debug|Any CPU
		{97AFCEA9-8CC8-F7D0-85EF-44AB86A38157}.Debug|Any CPU.Build.0 = Debug|Any CPU
		{97AFCEA9-8CC8-F7D0-85EF-44AB86A38157}.Release|Any CPU.ActiveCfg = Release|Any CPU
		{97AFCEA9-8CC8-F7D0-85EF-44AB86A38157}.Release|Any CPU.Build.0 = Release|Any CPU
	EndGlobalSection
	GlobalSection(SolutionProperties) = preSolution
		HideSolutionNode = FALSE
	EndGlobalSection
	GlobalSection(ExtensibilityGlobals) = postSolution
		SolutionGuid = {55BBEF06-EF83-42E6-968A-30D6F1E18F5E}
	EndGlobalSection
EndGlobal
